
Microsoft Visual Studio Solution File, Format Version 12.00
# Visual Studio Version 16
VisualStudioVersion = 16.0.31702.278
MinimumVisualStudioVersion = 10.0.40219.1
Project("{FAE04EC0-301F-11D3-BF4B-00C04F79EFBC}") = "HTTP5112-Assignment3", "HTTP5112-Assignment3\HTTP5112-Assignment3.csproj", "{1255A01E-6BD2-4FC6-9DE8-3004945FEA71}"
EndProject
Global
	GlobalSection(SolutionConfigurationPlatforms) = preSolution
		Debug|Any CPU = Debug|Any CPU
		Release|Any CPU = Release|Any CPU
	EndGlobalSection
	GlobalSection(ProjectConfigurationPlatforms) = postSolution
		{1255A01E-6BD2-4FC6-9DE8-3004945FEA71}.Debug|Any CPU.ActiveCfg = Debug|Any CPU
		{1255A01E-6BD2-4FC6-9DE8-3004945FEA71}.Debug|Any CPU.Build.0 = Debug|Any CPU
		{1255A01E-6BD2-4FC6-9DE8-3004945FEA71}.Release|Any CPU.ActiveCfg = Release|Any CPU
		{1255A01E-6BD2-4FC6-9DE8-3004945FEA71}.Release|Any CPU.Build.0 = Release|Any CPU
	EndGlobalSection
	GlobalSection(SolutionProperties) = preSolution
		HideSolutionNode = FALSE
	EndGlobalSection
	GlobalSection(ExtensibilityGlobals) = postSolution
		SolutionGuid = {35F11F42-B011-4FCC-BCD0-798ACA0E2409}
	EndGlobalSection
EndGlobal
